
Microsoft Visual Studio Solution File, Format Version 12.00
# Visual Studio Version 17
VisualStudioVersion = 17.13.35825.156
MinimumVisualStudioVersion = 10.0.40219.1
Project("{FAE04EC0-301F-11D3-BF4B-00C04F79EFBC}") = "Presentation", "Presentation\Presentation.csproj", "{7476A130-0EF6-474F-B4DA-146C30A57CC4}"
EndProject
Project("{FAE04EC0-301F-11D3-BF4B-00C04F79EFBC}") = "Data", "Data\Data.csproj", "{09A5D49A-FADF-461E-958C-14B53C1D8D29}"
EndProject
Project("{FAE04EC0-301F-11D3-BF4B-00C04F79EFBC}") = "Business", "Business\Business.csproj", "{9C193FB4-520E-47FF-B8FB-A6F267F04E61}"
EndProject
Project("{FAE04EC0-301F-11D3-BF4B-00C04F79EFBC}") = "Core", "Core\Core.csproj", "{F8848C11-FFB8-487C-AD18-99AD81128EA0}"
EndProject
Global
	GlobalSection(SolutionConfigurationPlatforms) = preSolution
		Debug|Any CPU = Debug|Any CPU
		Release|Any CPU = Release|Any CPU
	EndGlobalSection
	GlobalSection(ProjectConfigurationPlatforms) = postSolution
		{7476A130-0EF6-474F-B4DA-146C30A57CC4}.Debug|Any CPU.ActiveCfg = Debug|Any CPU
		{7476A130-0EF6-474F-B4DA-146C30A57CC4}.Debug|Any CPU.Build.0 = Debug|Any CPU
		{7476A130-0EF6-474F-B4DA-146C30A57CC4}.Release|Any CPU.ActiveCfg = Release|Any CPU
		{7476A130-0EF6-474F-B4DA-146C30A57CC4}.Release|Any CPU.Build.0 = Release|Any CPU
		{09A5D49A-FADF-461E-958C-14B53C1D8D29}.Debug|Any CPU.ActiveCfg = Debug|Any CPU
		{09A5D49A-FADF-461E-958C-14B53C1D8D29}.Debug|Any CPU.Build.0 = Debug|Any CPU
		{09A5D49A-FADF-461E-958C-14B53C1D8D29}.Release|Any CPU.ActiveCfg = Release|Any CPU
		{09A5D49A-FADF-461E-958C-14B53C1D8D29}.Release|Any CPU.Build.0 = Release|Any CPU
		{9C193FB4-520E-47FF-B8FB-A6F267F04E61}.Debug|Any CPU.ActiveCfg = Debug|Any CPU
		{9C193FB4-520E-47FF-B8FB-A6F267F04E61}.Debug|Any CPU.Build.0 = Debug|Any CPU
		{9C193FB4-520E-47FF-B8FB-A6F267F04E61}.Release|Any CPU.ActiveCfg = Release|Any CPU
		{9C193FB4-520E-47FF-B8FB-A6F267F04E61}.Release|Any CPU.Build.0 = Release|Any CPU
		{F8848C11-FFB8-487C-AD18-99AD81128EA0}.Debug|Any CPU.ActiveCfg = Debug|Any CPU
		{F8848C11-FFB8-487C-AD18-99AD81128EA0}.Debug|Any CPU.Build.0 = Debug|Any CPU
		{F8848C11-FFB8-487C-AD18-99AD81128EA0}.Release|Any CPU.ActiveCfg = Release|Any CPU
		{F8848C11-FFB8-487C-AD18-99AD81128EA0}.Release|Any CPU.Build.0 = Release|Any CPU
	EndGlobalSection
	GlobalSection(SolutionProperties) = preSolution
		HideSolutionNode = FALSE
	EndGlobalSection
	GlobalSection(ExtensibilityGlobals) = postSolution
		SolutionGuid = {9E1D4946-D9E3-4CA5-9570-6F3E46245364}
	EndGlobalSection
EndGlobal
